
Microsoft Visual Studio Solution File, Format Version 12.00
# Visual Studio Version 16
VisualStudioVersion = 16.0.31424.327
MinimumVisualStudioVersion = 10.0.40219.1
Project("{FAE04EC0-301F-11D3-BF4B-00C04F79EFBC}") = "EmployeeCrud", "EmployeeCrud.csproj", "{0A8FF235-A1BD-421E-80F1-FB5BDADA08F0}"
EndProject
Global
	GlobalSection(SolutionConfigurationPlatforms) = preSolution
		Debug|Any CPU = Debug|Any CPU
		Release|Any CPU = Release|Any CPU
	EndGlobalSection
	GlobalSection(ProjectConfigurationPlatforms) = postSolution
		{0A8FF235-A1BD-421E-80F1-FB5BDADA08F0}.Debug|Any CPU.ActiveCfg = Debug|Any CPU
		{0A8FF235-A1BD-421E-80F1-FB5BDADA08F0}.Debug|Any CPU.Build.0 = Debug|Any CPU
		{0A8FF235-A1BD-421E-80F1-FB5BDADA08F0}.Release|Any CPU.ActiveCfg = Release|Any CPU
		{0A8FF235-A1BD-421E-80F1-FB5BDADA08F0}.Release|Any CPU.Build.0 = Release|Any CPU
	EndGlobalSection
	GlobalSection(SolutionProperties) = preSolution
		HideSolutionNode = FALSE
	EndGlobalSection
	GlobalSection(ExtensibilityGlobals) = postSolution
		SolutionGuid = {B5CD21B2-171F-491E-836B-F76B64AD4E45}
	EndGlobalSection
EndGlobal
